
Microsoft Visual Studio Solution File, Format Version 12.00
# Visual Studio Version 16
VisualStudioVersion = 16.0.30204.135
MinimumVisualStudioVersion = 10.0.40219.1
Project("{FAE04EC0-301F-11D3-BF4B-00C04F79EFBC}") = "TestWF", "TestWF\TestWF.csproj", "{ACBD3257-A180-493D-B532-2E1311969452}"
EndProject
Global
	GlobalSection(SolutionConfigurationPlatforms) = preSolution
		Debug|Any CPU = Debug|Any CPU
		Release|Any CPU = Release|Any CPU
	EndGlobalSection
	GlobalSection(ProjectConfigurationPlatforms) = postSolution
		{ACBD3257-A180-493D-B532-2E1311969452}.Debug|Any CPU.ActiveCfg = Debug|Any CPU
		{ACBD3257-A180-493D-B532-2E1311969452}.Debug|Any CPU.Build.0 = Debug|Any CPU
		{ACBD3257-A180-493D-B532-2E1311969452}.Release|Any CPU.ActiveCfg = Release|Any CPU
		{ACBD3257-A180-493D-B532-2E1311969452}.Release|Any CPU.Build.0 = Release|Any CPU
	EndGlobalSection
	GlobalSection(SolutionProperties) = preSolution
		HideSolutionNode = FALSE
	EndGlobalSection
	GlobalSection(ExtensibilityGlobals) = postSolution
		SolutionGuid = {E9319CF6-E7DB-44F0-B83E-C500CCD5CD7F}
	EndGlobalSection
EndGlobal
